[[package]]
name = "pymupdf"
version = "1.19.1"
description = "Python bindings for the PDF toolkit and renderer MuPDF"
category = "main"
optional = false
python-versions = ">=3.6"

[metadata]
lock-version = "1.1"
python-versions = "^3.8"
content-hash = "ca3c0ef6d092ad4ff5ebfa606e39e150f5243b3333ce5bd1bfb055079c8c5aef"

[metadata.files]
pymupdf = [
    {file = "PyMuPDF-1.19.1-2-cp310-cp310-win32.whl", hash = "sha256:6e2777ac431e8fe4f702c0203960d48c80c1b906bf2cdafd76ac68ca49c4c6dc"},
    {file = "PyMuPDF-1.19.1-2-cp310-cp310-win_amd64.whl", hash = "sha256:f9cb0f10d2f4caac1c9cb0ba6af478105633bf3dbe48960e791f7f807882025d"},
    {file = "PyMuPDF-1.19.1-2-cp36-cp36m-win32.whl", hash = "sha256:afad6b88e8ec72407e10f9c8f96397192675847cd91704abf688c5d4b4d469b8"},
    {file = "PyMuPDF-1.19.1-2-cp36-cp36m-win_amd64.whl", hash = "sha256:56d039cb37852566916f3b2d20592dcd09ed8b6b848320c649f45b7722e02295"},
    {file = "PyMuPDF-1.19.1-2-cp37-cp37m-win32.whl", hash = "sha256:8e9e985a1236290a636fc58d6987f2c2712745013f376f13eab35917e16b8b8a"},
    {file = "PyMuPDF-1.19.1-2-cp37-cp37m-win_amd64.whl", hash = "sha256:2b5eb93c1d6ef0678f28b5c471889d997ca0c59cf5520323320b1d4552aa88af"},
    {file = "PyMuPDF-1.19.1-2-cp38-cp38-win32.whl", hash = "sha256:9d85180b98e402bfdae332fdcbe6b97186f3f0b1be3c758c1a27529de538a4a1"},
    {file = "PyMuPDF-1.19.1-2-cp38-cp38-win_amd64.whl", hash = "sha256:d0b5eb73f68bb96b989bf3bab1d119077caefa156179e6b9354ca9e1eed93dca"},
    {file = "PyMuPDF-1.19.1-2-cp39-cp39-win32.whl", hash = "sha256:008764f1d0ec53cf3bd8b217ae961a5e90872ed6bbcc661de6c89667f251143d"},
    {file = "PyMuPDF-1.19.1-2-cp39-cp39-win_amd64.whl", hash = "sha256:4ace1a88d42890d67f29977918bf2aefb7ee99a9a388aeb246d737347d392324"},
    {file = "PyMuPDF-1.19.1-cp310-cp310-macosx_10_9_x86_64.whl", hash = "sha256:37621f276d731d54c897cbfc651010c2cb0a503476534333e7c1e1a981662dd4"},
    {file = "PyMuPDF-1.19.1-cp310-cp310-manylinux_2_12_x86_64.manylinux2010_x86_64.whl", hash = "sha256:9d523c74790673197860300f0b271e28d17f8bd3327d3e42be616040553d48d8"},
    {file = "PyMuPDF-1.19.1-cp36-cp36m-macosx_10_9_x86_64.whl", hash = "sha256:fccbe475e4e3a6a5b44d265cca39423ca09242b5638ad7bd7c7ab02a303e95de"},
    {file = "PyMuPDF-1.19.1-cp36-cp36m-manylinux_2_12_x86_64.manylinux2010_x86_64.whl", hash = "sha256:32a6d170ae1950709d0144a68ca5e2ef4dfa8ee3f413bb048ae6a8e5486d34c6"},
    {file = "PyMuPDF-1.19.1-cp37-cp37m-macosx_10_9_x86_64.whl", hash = "sha256:c553f35e2a27c14acd236326e7f4c856ca678b1bf5031fe66c270647b06291f5"},
    {file = "PyMuPDF-1.19.1-cp37-cp37m-manylinux_2_12_x86_64.manylinux2010_x86_64.whl", hash = "sha256:4833a4ef46719dd64161649ff3484e758a6caa6d83ce4152fef6d74775c8e342"},
    {file = "PyMuPDF-1.19.1-cp38-cp38-macosx_10_9_x86_64.whl", hash = "sha256:644e221b50d19d03c2316c62ef096855619f88b831a2dfcea3a39fa0d48f158c"},
    {file = "PyMuPDF-1.19.1-cp38-cp38-manylinux_2_12_x86_64.manylinux2010_x86_64.whl", hash = "sha256:f844111753ee6ce94effa382a6c144d3f63ecdce18bec798d63d278f5e638d5e"},
    {file = "PyMuPDF-1.19.1-cp39-cp39-macosx_10_9_x86_64.whl", hash = "sha256:5986e3e446e365deb38c620bc54212fe2a1ca9db789cd994843b5f2e90855843"},
    {file = "PyMuPDF-1.19.1-cp39-cp39-manylinux_2_12_x86_64.manylinux2010_x86_64.whl", hash = "sha256:cdf965a2e1dc2e78451c876286b5f0e79a933d5970aed786d438ae1615a1628f"},
    {file = "PyMuPDF-1.19.1.tar.gz", hash = "sha256:4a70c671d1529f327b95b60699be2cec913011558bffc4129e5db6cabf26fd75"},
]
